
Microsoft Visual Studio Solution File, Format Version 12.00
# Visual Studio 15
Project("{FAE04EC0-301F-11D3-BF4B-00C04F79EFBC}") = "Assembly-CSharp", "Assembly-CSharp.csproj", "{A85B095E-5CB6-2585-584B-ACD050200D58}"
EndProject
Project("{FAE04EC0-301F-11D3-BF4B-00C04F79EFBC}") = "Assembly-CSharp-firstpass", "Assembly-CSharp-firstpass.csproj", "{E7A128DA-27F6-F182-0483-7A9FEBAAA9D7}"
EndProject
Project("{FAE04EC0-301F-11D3-BF4B-00C04F79EFBC}") = "Assembly-CSharp-Editor", "Assembly-CSharp-Editor.csproj", "{573D59D5-9468-E008-8D40-4421EBB7FB43}"
EndProject
Global
	GlobalSection(SolutionConfigurationPlatforms) = preSolution
		Debug|Any CPU = Debug|Any CPU
		Release|Any CPU = Release|Any CPU
	EndGlobalSection
	GlobalSection(ProjectConfigurationPlatforms) = postSolution
		{A85B095E-5CB6-2585-584B-ACD050200D58}.Debug|Any CPU.ActiveCfg = Debug|Any CPU
		{A85B095E-5CB6-2585-584B-ACD050200D58}.Debug|Any CPU.Build.0 = Debug|Any CPU
		{A85B095E-5CB6-2585-584B-ACD050200D58}.Release|Any CPU.ActiveCfg = Release|Any CPU
		{A85B095E-5CB6-2585-584B-ACD050200D58}.Release|Any CPU.Build.0 = Release|Any CPU
		{E7A128DA-27F6-F182-0483-7A9FEBAAA9D7}.Debug|Any CPU.ActiveCfg = Debug|Any CPU
		{E7A128DA-27F6-F182-0483-7A9FEBAAA9D7}.Debug|Any CPU.Build.0 = Debug|Any CPU
		{E7A128DA-27F6-F182-0483-7A9FEBAAA9D7}.Release|Any CPU.ActiveCfg = Release|Any CPU
		{E7A128DA-27F6-F182-0483-7A9FEBAAA9D7}.Release|Any CPU.Build.0 = Release|Any CPU
		{573D59D5-9468-E008-8D40-4421EBB7FB43}.Debug|Any CPU.ActiveCfg = Debug|Any CPU
		{573D59D5-9468-E008-8D40-4421EBB7FB43}.Debug|Any CPU.Build.0 = Debug|Any CPU
		{573D59D5-9468-E008-8D40-4421EBB7FB43}.Release|Any CPU.ActiveCfg = Release|Any CPU
		{573D59D5-9468-E008-8D40-4421EBB7FB43}.Release|Any CPU.Build.0 = Release|Any CPU
	EndGlobalSection
	GlobalSection(SolutionProperties) = preSolution
		HideSolutionNode = FALSE
	EndGlobalSection
EndGlobal
